// !$*UTF8*$!
{
	archiveVersion = 1;
	classes = {
	};
	objectVersion = 48;
	objects = {

/* Begin PBXBuildFile section */
		1BEBF1E6FAED1B37E5EF0084 /* Pods_alps_ios_app_colorTests.framework in Frameworks */ = {isa = PBXBuildFile; fileRef = 643333EA6546461D137FDCF9 /* Pods_alps_ios_app_colorTests.framework */; };
		46BF1FB9874BB4211641394B /* Pods_alps_ios_app_colorUITests.framework in Frameworks */ = {isa = PBXBuildFile; fileRef = 4706BB6373C91A92B60687E9 /* Pods_alps_ios_app_colorUITests.framework */; };
		6479AC2E28FCFDCEDAEEBED3 /* Pods_alps_ios_app_color.framework in Frameworks */ = {isa = PBXBuildFile; fileRef = 9A7B53AB0780683CD0BFAD5D /* Pods_alps_ios_app_color.framework */; };
		8473635320527D7800C697C7 /* AppDelegate.swift in Sources */ = {isa = PBXBuildFile; fileRef = 8473635220527D7800C697C7 /* AppDelegate.swift */; };
		8473635520527D7800C697C7 /* ViewController.swift in Sources */ = {isa = PBXBuildFile; fileRef = 8473635420527D7800C697C7 /* ViewController.swift */; };
		8473635820527D7800C697C7 /* Main.storyboard in Resources */ = {isa = PBXBuildFile; fileRef = 8473635620527D7800C697C7 /* Main.storyboard */; };
		8473635A20527D7800C697C7 /* Assets.xcassets in Resources */ = {isa = PBXBuildFile; fileRef = 8473635920527D7800C697C7 /* Assets.xcassets */; };
		8473635D20527D7800C697C7 /* LaunchScreen.storyboard in Resources */ = {isa = PBXBuildFile; fileRef = 8473635B20527D7800C697C7 /* LaunchScreen.storyboard */; };
/* End PBXBuildFile section */

/* Begin PBXContainerItemProxy section */
		8473636420527D7800C697C7 /* PBXContainerItemProxy */ = {
			isa = PBXContainerItemProxy;
			containerPortal = 8473634720527D7800C697C7 /* Project object */;
			proxyType = 1;
			remoteGlobalIDString = 8473634E20527D7800C697C7;
			remoteInfo = "ios-app-color";
		};
		8473636F20527D7800C697C7 /* PBXContainerItemProxy */ = {
			isa = PBXContainerItemProxy;
			containerPortal = 8473634720527D7800C697C7 /* Project object */;
			proxyType = 1;
			remoteGlobalIDString = 8473634E20527D7800C697C7;
			remoteInfo = "ios-app-color";
		};
/* End PBXContainerItemProxy section */

/* Begin PBXFileReference section */
		17C701ED94A6BADC1644E78D /* Pods-alps-ios-app-colorTests.debug.xcconfig */ = {isa = PBXFileReference; includeInIndex = 1; lastKnownFileType = text.xcconfig; name = "Pods-alps-ios-app-colorTests.debug.xcconfig"; path = "Pods/Target Support Files/Pods-alps-ios-app-colorTests/Pods-alps-ios-app-colorTests.debug.xcconfig"; sourceTree = "<group>"; };
		4706BB6373C91A92B60687E9 /* Pods_alps_ios_app_colorUITests.framework */ = {isa = PBXFileReference; explicitFileType = wrapper.framework; includeInIndex = 0; path = Pods_alps_ios_app_colorUITests.framework; sourceTree = BUILT_PRODUCTS_DIR; };
		643333EA6546461D137FDCF9 /* Pods_alps_ios_app_colorTests.framework */ = {isa = PBXFileReference; explicitFileType = wrapper.framework; includeInIndex = 0; path = Pods_alps_ios_app_colorTests.framework; sourceTree = BUILT_PRODUCTS_DIR; };
		8473634F20527D7800C697C7 /* alps-ios-app-color.app */ = {isa = PBXFileReference; explicitFileType = wrapper.application; includeInIndex = 0; path = "alps-ios-app-color.app"; sourceTree = BUILT_PRODUCTS_DIR; };
		8473635220527D7800C697C7 /* AppDelegate.swift */ = {isa = PBXFileReference; lastKnownFileType = sourcecode.swift; path = AppDelegate.swift; sourceTree = "<group>"; };
		8473635420527D7800C697C7 /* ViewController.swift */ = {isa = PBXFileReference; lastKnownFileType = sourcecode.swift; path = ViewController.swift; sourceTree = "<group>"; };
		8473635720527D7800C697C7 /* Base */ = {isa = PBXFileReference; lastKnownFileType = file.storyboard; name = Base; path = Base.lproj/Main.storyboard; sourceTree = "<group>"; };
		8473635920527D7800C697C7 /* Assets.xcassets */ = {isa = PBXFileReference; lastKnownFileType = folder.assetcatalog; path = Assets.xcassets; sourceTree = "<group>"; };
		8473635C20527D7800C697C7 /* Base */ = {isa = PBXFileReference; lastKnownFileType = file.storyboard; name = Base; path = Base.lproj/LaunchScreen.storyboard; sourceTree = "<group>"; };
		8473635E20527D7800C697C7 /* Info.plist */ = {isa = PBXFileReference; lastKnownFileType = text.plist.xml; path = Info.plist; sourceTree = "<group>"; };
		8473636320527D7800C697C7 /* alps-ios-app-colorTests.xctest */ = {isa = PBXFileReference; explicitFileType = wrapper.cfbundle; includeInIndex = 0; path = "alps-ios-app-colorTests.xctest"; sourceTree = BUILT_PRODUCTS_DIR; };
		8473636E20527D7800C697C7 /* alps-ios-app-colorUITests.xctest */ = {isa = PBXFileReference; explicitFileType = wrapper.cfbundle; includeInIndex = 0; path = "alps-ios-app-colorUITests.xctest"; sourceTree = BUILT_PRODUCTS_DIR; };
		8AC30F3812B0E7F813CED5AC /* Pods-alps-ios-app-colorUITests.release.xcconfig */ = {isa = PBXFileReference; includeInIndex = 1; lastKnownFileType = text.xcconfig; name = "Pods-alps-ios-app-colorUITests.release.xcconfig"; path = "Pods/Target Support Files/Pods-alps-ios-app-colorUITests/Pods-alps-ios-app-colorUITests.release.xcconfig"; sourceTree = "<group>"; };
		932AE915B10DD067A9BEBF8E /* Pods-alps-ios-app-color.release.xcconfig */ = {isa = PBXFileReference; includeInIndex = 1; lastKnownFileType = text.xcconfig; name = "Pods-alps-ios-app-color.release.xcconfig"; path = "Pods/Target Support Files/Pods-alps-ios-app-color/Pods-alps-ios-app-color.release.xcconfig"; sourceTree = "<group>"; };
		963FF8EBB9FA5D5A59445C1D /* Pods-alps-ios-app-colorTests.release.xcconfig */ = {isa = PBXFileReference; includeInIndex = 1; lastKnownFileType = text.xcconfig; name = "Pods-alps-ios-app-colorTests.release.xcconfig"; path = "Pods/Target Support Files/Pods-alps-ios-app-colorTests/Pods-alps-ios-app-colorTests.release.xcconfig"; sourceTree = "<group>"; };
		98DA3C71CC5316BA50FF136A /* Pods-alps-ios-app-color.debug.xcconfig */ = {isa = PBXFileReference; includeInIndex = 1; lastKnownFileType = text.xcconfig; name = "Pods-alps-ios-app-color.debug.xcconfig"; path = "Pods/Target Support Files/Pods-alps-ios-app-color/Pods-alps-ios-app-color.debug.xcconfig"; sourceTree = "<group>"; };
		9A7B53AB0780683CD0BFAD5D /* Pods_alps_ios_app_color.framework */ = {isa = PBXFileReference; explicitFileType = wrapper.framework; includeInIndex = 0; path = Pods_alps_ios_app_color.framework; sourceTree = BUILT_PRODUCTS_DIR; };
		DF051A13627E9B5789A68F8C /* Pods-alps-ios-app-colorUITests.debug.xcconfig */ = {isa = PBXFileReference; includeInIndex = 1; lastKnownFileType = text.xcconfig; name = "Pods-alps-ios-app-colorUITests.debug.xcconfig"; path = "Pods/Target Support Files/Pods-alps-ios-app-colorUITests/Pods-alps-ios-app-colorUITests.debug.xcconfig"; sourceTree = "<group>"; };
/* End PBXFileReference section */

/* Begin PBXFrameworksBuildPhase section */
		8473634C20527D7800C697C7 /* Frameworks */ = {
			isa = PBXFrameworksBuildPhase;
			buildActionMask = 2147483647;
			files = (
				6479AC2E28FCFDCEDAEEBED3 /* Pods_alps_ios_app_color.framework in Frameworks */,
			);
			runOnlyForDeploymentPostprocessing = 0;
		};
		8473636020527D7800C697C7 /* Frameworks */ = {
			isa = PBXFrameworksBuildPhase;
			buildActionMask = 2147483647;
			files = (
				1BEBF1E6FAED1B37E5EF0084 /* Pods_alps_ios_app_colorTests.framework in Frameworks */,
			);
			runOnlyForDeploymentPostprocessing = 0;
		};
		8473636B20527D7800C697C7 /* Frameworks */ = {
			isa = PBXFrameworksBuildPhase;
			buildActionMask = 2147483647;
			files = (
				46BF1FB9874BB4211641394B /* Pods_alps_ios_app_colorUITests.framework in Frameworks */,
			);
			runOnlyForDeploymentPostprocessing = 0;
		};
/* End PBXFrameworksBuildPhase section */

/* Begin PBXGroup section */
		8473634620527D7800C697C7 = {
			isa = PBXGroup;
			children = (
				8473635120527D7800C697C7 /* alps-ios-app-color */,
				8473635020527D7800C697C7 /* Products */,
				C268D2C434716E6D54AE9087 /* Pods */,
				B7A44BD8D223DA23742D81A4 /* Frameworks */,
			);
			sourceTree = "<group>";
		};
		8473635020527D7800C697C7 /* Products */ = {
			isa = PBXGroup;
			children = (
				8473634F20527D7800C697C7 /* alps-ios-app-color.app */,
				8473636320527D7800C697C7 /* alps-ios-app-colorTests.xctest */,
				8473636E20527D7800C697C7 /* alps-ios-app-colorUITests.xctest */,
			);
			name = Products;
			sourceTree = "<group>";
		};
		8473635120527D7800C697C7 /* alps-ios-app-color */ = {
			isa = PBXGroup;
			children = (
				8473635220527D7800C697C7 /* AppDelegate.swift */,
				8473635420527D7800C697C7 /* ViewController.swift */,
				8473635620527D7800C697C7 /* Main.storyboard */,
				8473635920527D7800C697C7 /* Assets.xcassets */,
				8473635B20527D7800C697C7 /* LaunchScreen.storyboard */,
				8473635E20527D7800C697C7 /* Info.plist */,
			);
			path = "alps-ios-app-color";
			sourceTree = "<group>";
		};
		B7A44BD8D223DA23742D81A4 /* Frameworks */ = {
			isa = PBXGroup;
			children = (
				9A7B53AB0780683CD0BFAD5D /* Pods_alps_ios_app_color.framework */,
				643333EA6546461D137FDCF9 /* Pods_alps_ios_app_colorTests.framework */,
				4706BB6373C91A92B60687E9 /* Pods_alps_ios_app_colorUITests.framework */,
			);
			name = Frameworks;
			sourceTree = "<group>";
		};
		C268D2C434716E6D54AE9087 /* Pods */ = {
			isa = PBXGroup;
			children = (
				98DA3C71CC5316BA50FF136A /* Pods-alps-ios-app-color.debug.xcconfig */,
				932AE915B10DD067A9BEBF8E /* Pods-alps-ios-app-color.release.xcconfig */,
				17C701ED94A6BADC1644E78D /* Pods-alps-ios-app-colorTests.debug.xcconfig */,
				963FF8EBB9FA5D5A59445C1D /* Pods-alps-ios-app-colorTests.release.xcconfig */,
				DF051A13627E9B5789A68F8C /* Pods-alps-ios-app-colorUITests.debug.xcconfig */,
				8AC30F3812B0E7F813CED5AC /* Pods-alps-ios-app-colorUITests.release.xcconfig */,
			);
			name = Pods;
			sourceTree = "<group>";
		};
/* End PBXGroup section */

/* Begin PBXNativeTarget section */
		8473634E20527D7800C697C7 /* alps-ios-app-color */ = {
			isa = PBXNativeTarget;
			buildConfigurationList = 8473637720527D7800C697C7 /* Build configuration list for PBXNativeTarget "alps-ios-app-color" */;
			buildPhases = (
				AC0B4C10CD9040BE09275443 /* [CP] Check Pods Manifest.lock */,
				8473634B20527D7800C697C7 /* Sources */,
				8473634C20527D7800C697C7 /* Frameworks */,
				8473634D20527D7800C697C7 /* Resources */,
				F4CAB7354573357819DC6035 /* [CP] Embed Pods Frameworks */,
				8968E8674C0A33581BEEF4CD /* [CP] Copy Pods Resources */,
			);
			buildRules = (
			);
			dependencies = (
			);
			name = "alps-ios-app-color";
			productName = "ios-app-color";
			productReference = 8473634F20527D7800C697C7 /* alps-ios-app-color.app */;
			productType = "com.apple.product-type.application";
		};
		8473636220527D7800C697C7 /* alps-ios-app-colorTests */ = {
			isa = PBXNativeTarget;
			buildConfigurationList = 8473637A20527D7800C697C7 /* Build configuration list for PBXNativeTarget "alps-ios-app-colorTests" */;
			buildPhases = (
				BA5B622C07C1F38D9A1A0883 /* [CP] Check Pods Manifest.lock */,
				8473635F20527D7800C697C7 /* Sources */,
				8473636020527D7800C697C7 /* Frameworks */,
				8473636120527D7800C697C7 /* Resources */,
				42BE1D41E6821ADD5F8F5AF0 /* [CP] Embed Pods Frameworks */,
				3537D0BC9DDFA063FB819143 /* [CP] Copy Pods Resources */,
			);
			buildRules = (
			);
			dependencies = (
				8473636520527D7800C697C7 /* PBXTargetDependency */,
			);
			name = "alps-ios-app-colorTests";
			productName = "ios-app-colorTests";
			productReference = 8473636320527D7800C697C7 /* alps-ios-app-colorTests.xctest */;
			productType = "com.apple.product-type.bundle.unit-test";
		};
		8473636D20527D7800C697C7 /* alps-ios-app-colorUITests */ = {
			isa = PBXNativeTarget;
			buildConfigurationList = 8473637D20527D7800C697C7 /* Build configuration list for PBXNativeTarget "alps-ios-app-colorUITests" */;
			buildPhases = (
				44F91098E489B02EA935C713 /* [CP] Check Pods Manifest.lock */,
				8473636A20527D7800C697C7 /* Sources */,
				8473636B20527D7800C697C7 /* Frameworks */,
				8473636C20527D7800C697C7 /* Resources */,
				7F4515AC4E897561C0B54B52 /* [CP] Embed Pods Frameworks */,
				8E4B70FBF0F975AC46734092 /* [CP] Copy Pods Resources */,
			);
			buildRules = (
			);
			dependencies = (
				8473637020527D7800C697C7 /* PBXTargetDependency */,
			);
			name = "alps-ios-app-colorUITests";
			productName = "ios-app-colorUITests";
			productReference = 8473636E20527D7800C697C7 /* alps-ios-app-colorUITests.xctest */;
			productType = "com.apple.product-type.bundle.ui-testing";
		};
/* End PBXNativeTarget section */

/* Begin PBXProject section */
		8473634720527D7800C697C7 /* Project object */ = {
			isa = PBXProject;
			attributes = {
				LastSwiftUpdateCheck = 0920;
				LastUpgradeCheck = 0920;
				ORGANIZATIONNAME = Matchmore;
				TargetAttributes = {
					8473634E20527D7800C697C7 = {
						CreatedOnToolsVersion = 9.2;
						ProvisioningStyle = Automatic;
					};
					8473636220527D7800C697C7 = {
						CreatedOnToolsVersion = 9.2;
						ProvisioningStyle = Automatic;
						TestTargetID = 8473634E20527D7800C697C7;
					};
					8473636D20527D7800C697C7 = {
						CreatedOnToolsVersion = 9.2;
						ProvisioningStyle = Automatic;
						TestTargetID = 8473634E20527D7800C697C7;
					};
				};
			};
			buildConfigurationList = 8473634A20527D7800C697C7 /* Build configuration list for PBXProject "alps-ios-app-color" */;
			compatibilityVersion = "Xcode 8.0";
			developmentRegion = en;
			hasScannedForEncodings = 0;
			knownRegions = (
				en,
				Base,
			);
			mainGroup = 8473634620527D7800C697C7;
			productRefGroup = 8473635020527D7800C697C7 /* Products */;
			projectDirPath = "";
			projectRoot = "";
			targets = (
				8473634E20527D7800C697C7 /* alps-ios-app-color */,
				8473636220527D7800C697C7 /* alps-ios-app-colorTests */,
				8473636D20527D7800C697C7 /* alps-ios-app-colorUITests */,
			);
		};
/* End PBXProject section */

/* Begin PBXResourcesBuildPhase section */
		8473634D20527D7800C697C7 /* Resources */ = {
			isa = PBXResourcesBuildPhase;
			buildActionMask = 2147483647;
			files = (
				8473635D20527D7800C697C7 /* LaunchScreen.storyboard in Resources */,
				8473635A20527D7800C697C7 /* Assets.xcassets in Resources */,
				8473635820527D7800C697C7 /* Main.storyboard in Resources */,
			);
			runOnlyForDeploymentPostprocessing = 0;
		};
		8473636120527D7800C697C7 /* Resources */ = {
			isa = PBXResourcesBuildPhase;
			buildActionMask = 2147483647;
			files = (
			);
			runOnlyForDeploymentPostprocessing = 0;
		};
		8473636C20527D7800C697C7 /* Resources */ = {
			isa = PBXResourcesBuildPhase;
			buildActionMask = 2147483647;
			files = (
			);
			runOnlyForDeploymentPostprocessing = 0;
		};
/* End PBXResourcesBuildPhase section */

/* Begin PBXShellScriptBuildPhase section */
		3537D0BC9DDFA063FB819143 /* [CP] Copy Pods Resources */ = {
			isa = PBXShellScriptBuildPhase;
			buildActionMask = 2147483647;
			files = (
			);
			inputPaths = (
			);
			name = "[CP] Copy Pods Resources";
			outputPaths = (
			);
			runOnlyForDeploymentPostprocessing = 0;
			shellPath = /bin/sh;
			shellScript = "\"${SRCROOT}/Pods/Target Support Files/Pods-alps-ios-app-colorTests/Pods-alps-ios-app-colorTests-resources.sh\"\n";
			showEnvVarsInLog = 0;
		};
		42BE1D41E6821ADD5F8F5AF0 /* [CP] Embed Pods Frameworks */ = {
			isa = PBXShellScriptBuildPhase;
			buildActionMask = 2147483647;
			files = (
			);
			inputPaths = (
			);
			name = "[CP] Embed Pods Frameworks";
			outputPaths = (
			);
			runOnlyForDeploymentPostprocessing = 0;
			shellPath = /bin/sh;
			shellScript = "\"${SRCROOT}/Pods/Target Support Files/Pods-alps-ios-app-colorTests/Pods-alps-ios-app-colorTests-frameworks.sh\"\n";
			showEnvVarsInLog = 0;
		};
		44F91098E489B02EA935C713 /* [CP] Check Pods Manifest.lock */ = {
			isa = PBXShellScriptBuildPhase;
			buildActionMask = 2147483647;
			files = (
			);
			inputPaths = (
				"${PODS_PODFILE_DIR_PATH}/Podfile.lock",
				"${PODS_ROOT}/Manifest.lock",
			);
			name = "[CP] Check Pods Manifest.lock";
			outputPaths = (
				"$(DERIVED_FILE_DIR)/Pods-alps-ios-app-colorUITests-checkManifestLockResult.txt",
			);
			runOnlyForDeploymentPostprocessing = 0;
			shellPath = /bin/sh;
			shellScript = "diff \"${PODS_PODFILE_DIR_PATH}/Podfile.lock\" \"${PODS_ROOT}/Manifest.lock\" > /dev/null\nif [ $? != 0 ] ; then\n    # print error to STDERR\n    echo \"error: The sandbox is not in sync with the Podfile.lock. Run 'pod install' or update your CocoaPods installation.\" >&2\n    exit 1\nfi\n# This output is used by Xcode 'outputs' to avoid re-running this script phase.\necho \"SUCCESS\" > \"${SCRIPT_OUTPUT_FILE_0}\"\n";
			showEnvVarsInLog = 0;
		};
		7F4515AC4E897561C0B54B52 /* [CP] Embed Pods Frameworks */ = {
			isa = PBXShellScriptBuildPhase;
			buildActionMask = 2147483647;
			files = (
			);
			inputPaths = (
			);
			name = "[CP] Embed Pods Frameworks";
			outputPaths = (
			);
			runOnlyForDeploymentPostprocessing = 0;
			shellPath = /bin/sh;
			shellScript = "\"${SRCROOT}/Pods/Target Support Files/Pods-alps-ios-app-colorUITests/Pods-alps-ios-app-colorUITests-frameworks.sh\"\n";
			showEnvVarsInLog = 0;
		};
		8968E8674C0A33581BEEF4CD /* [CP] Copy Pods Resources */ = {
			isa = PBXShellScriptBuildPhase;
			buildActionMask = 2147483647;
			files = (
			);
			inputPaths = (
			);
			name = "[CP] Copy Pods Resources";
			outputPaths = (
			);
			runOnlyForDeploymentPostprocessing = 0;
			shellPath = /bin/sh;
			shellScript = "\"${SRCROOT}/Pods/Target Support Files/Pods-alps-ios-app-color/Pods-alps-ios-app-color-resources.sh\"\n";
			showEnvVarsInLog = 0;
		};
		8E4B70FBF0F975AC46734092 /* [CP] Copy Pods Resources */ = {
			isa = PBXShellScriptBuildPhase;
			buildActionMask = 2147483647;
			files = (
			);
			inputPaths = (
			);
			name = "[CP] Copy Pods Resources";
			outputPaths = (
			);
			runOnlyForDeploymentPostprocessing = 0;
			shellPath = /bin/sh;
			shellScript = "\"${SRCROOT}/Pods/Target Support Files/Pods-alps-ios-app-colorUITests/Pods-alps-ios-app-colorUITests-resources.sh\"\n";
			showEnvVarsInLog = 0;
		};
		AC0B4C10CD9040BE09275443 /* [CP] Check Pods Manifest.lock */ = {
			isa = PBXShellScriptBuildPhase;
			buildActionMask = 2147483647;
			files = (
			);
			inputPaths = (
				"${PODS_PODFILE_DIR_PATH}/Podfile.lock",
				"${PODS_ROOT}/Manifest.lock",
			);
			name = "[CP] Check Pods Manifest.lock";
			outputPaths = (
				"$(DERIVED_FILE_DIR)/Pods-alps-ios-app-color-checkManifestLockResult.txt",
			);
			runOnlyForDeploymentPostprocessing = 0;
			shellPath = /bin/sh;
			shellScript = "diff \"${PODS_PODFILE_DIR_PATH}/Podfile.lock\" \"${PODS_ROOT}/Manifest.lock\" > /dev/null\nif [ $? != 0 ] ; then\n    # print error to STDERR\n    echo \"error: The sandbox is not in sync with the Podfile.lock. Run 'pod install' or update your CocoaPods installation.\" >&2\n    exit 1\nfi\n# This output is used by Xcode 'outputs' to avoid re-running this script phase.\necho \"SUCCESS\" > \"${SCRIPT_OUTPUT_FILE_0}\"\n";
			showEnvVarsInLog = 0;
		};
		BA5B622C07C1F38D9A1A0883 /* [CP] Check Pods Manifest.lock */ = {
			isa = PBXShellScriptBuildPhase;
			buildActionMask = 2147483647;
			files = (
			);
			inputPaths = (
				"${PODS_PODFILE_DIR_PATH}/Podfile.lock",
				"${PODS_ROOT}/Manifest.lock",
			);
			name = "[CP] Check Pods Manifest.lock";
			outputPaths = (
				"$(DERIVED_FILE_DIR)/Pods-alps-ios-app-colorTests-checkManifestLockResult.txt",
			);
			runOnlyForDeploymentPostprocessing = 0;
			shellPath = /bin/sh;
			shellScript = "diff \"${PODS_PODFILE_DIR_PATH}/Podfile.lock\" \"${PODS_ROOT}/Manifest.lock\" > /dev/null\nif [ $? != 0 ] ; then\n    # print error to STDERR\n    echo \"error: The sandbox is not in sync with the Podfile.lock. Run 'pod install' or update your CocoaPods installation.\" >&2\n    exit 1\nfi\n# This output is used by Xcode 'outputs' to avoid re-running this script phase.\necho \"SUCCESS\" > \"${SCRIPT_OUTPUT_FILE_0}\"\n";
			showEnvVarsInLog = 0;
		};
		F4CAB7354573357819DC6035 /* [CP] Embed Pods Frameworks */ = {
			isa = PBXShellScriptBuildPhase;
			buildActionMask = 2147483647;
			files = (
			);
			inputPaths = (
				"${SRCROOT}/Pods/Target Support Files/Pods-alps-ios-app-color/Pods-alps-ios-app-color-frameworks.sh",
				"${BUILT_PRODUCTS_DIR}/Alamofire/Alamofire.framework",
				"${BUILT_PRODUCTS_DIR}/AlpsSDK/AlpsSDK.framework",
				"${BUILT_PRODUCTS_DIR}/Starscream/Starscream.framework",
			);
			name = "[CP] Embed Pods Frameworks";
			outputPaths = (
				"${TARGET_BUILD_DIR}/${FRAMEWORKS_FOLDER_PATH}/Alamofire.framework",
				"${TARGET_BUILD_DIR}/${FRAMEWORKS_FOLDER_PATH}/AlpsSDK.framework",
				"${TARGET_BUILD_DIR}/${FRAMEWORKS_FOLDER_PATH}/Starscream.framework",
			);
			runOnlyForDeploymentPostprocessing = 0;
			shellPath = /bin/sh;
			shellScript = "\"${SRCROOT}/Pods/Target Support Files/Pods-alps-ios-app-color/Pods-alps-ios-app-color-frameworks.sh\"\n";
			showEnvVarsInLog = 0;
		};
/* End PBXShellScriptBuildPhase section */

/* Begin PBXSourcesBuildPhase section */
		8473634B20527D7800C697C7 /* Sources */ = {
			isa = PBXSourcesBuildPhase;
			buildActionMask = 2147483647;
			files = (
				8473635520527D7800C697C7 /* ViewController.swift in Sources */,
				8473635320527D7800C697C7 /* AppDelegate.swift in Sources */,
			);
			runOnlyForDeploymentPostprocessing = 0;
		};
		8473635F20527D7800C697C7 /* Sources */ = {
			isa = PBXSourcesBuildPhase;
			buildActionMask = 2147483647;
			files = (
			);
			runOnlyForDeploymentPostprocessing = 0;
		};
		8473636A20527D7800C697C7 /* Sources */ = {
			isa = PBXSourcesBuildPhase;
			buildActionMask = 2147483647;
			files = (
			);
			runOnlyForDeploymentPostprocessing = 0;
		};
/* End PBXSourcesBuildPhase section */

/* Begin PBXTargetDependency section */
		8473636520527D7800C697C7 /* PBXTargetDependency */ = {
			isa = PBXTargetDependency;
			target = 8473634E20527D7800C697C7 /* alps-ios-app-color */;
			targetProxy = 8473636420527D7800C697C7 /* PBXContainerItemProxy */;
		};
		8473637020527D7800C697C7 /* PBXTargetDependency */ = {
			isa = PBXTargetDependency;
			target = 8473634E20527D7800C697C7 /* alps-ios-app-color */;
			targetProxy = 8473636F20527D7800C697C7 /* PBXContainerItemProxy */;
		};
/* End PBXTargetDependency section */

/* Begin PBXVariantGroup section */
		8473635620527D7800C697C7 /* Main.storyboard */ = {
			isa = PBXVariantGroup;
			children = (
				8473635720527D7800C697C7 /* Base */,
			);
			name = Main.storyboard;
			sourceTree = "<group>";
		};
		8473635B20527D7800C697C7 /* LaunchScreen.storyboard */ = {
			isa = PBXVariantGroup;
			children = (
				8473635C20527D7800C697C7 /* Base */,
			);
			name = LaunchScreen.storyboard;
			sourceTree = "<group>";
		};
/* End PBXVariantGroup section */

/* Begin XCBuildConfiguration section */
		8473637520527D7800C697C7 /* Debug */ = {
			isa = XCBuildConfiguration;
			buildSettings = {
				ALWAYS_SEARCH_USER_PATHS = NO;
				CLANG_ANALYZER_NONNULL = YES;
				CLANG_ANALYZER_NUMBER_OBJECT_CONVERSION = YES_AGGRESSIVE;
				CLANG_CXX_LANGUAGE_STANDARD = "gnu++14";
				CLANG_CXX_LIBRARY = "libc++";
				CLANG_ENABLE_MODULES = YES;
				CLANG_ENABLE_OBJC_ARC = YES;
				CLANG_WARN_BLOCK_CAPTURE_AUTORELEASING = YES;
				CLANG_WARN_BOOL_CONVERSION = YES;
				CLANG_WARN_COMMA = YES;
				CLANG_WARN_CONSTANT_CONVERSION = YES;
				CLANG_WARN_DIRECT_OBJC_ISA_USAGE = YES_ERROR;
				CLANG_WARN_DOCUMENTATION_COMMENTS = YES;
				CLANG_WARN_EMPTY_BODY = YES;
				CLANG_WARN_ENUM_CONVERSION = YES;
				CLANG_WARN_INFINITE_RECURSION = YES;
				CLANG_WARN_INT_CONVERSION = YES;
				CLANG_WARN_NON_LITERAL_NULL_CONVERSION = YES;
				CLANG_WARN_OBJC_LITERAL_CONVERSION = YES;
				CLANG_WARN_OBJC_ROOT_CLASS = YES_ERROR;
				CLANG_WARN_RANGE_LOOP_ANALYSIS = YES;
				CLANG_WARN_STRICT_PROTOTYPES = YES;
				CLANG_WARN_SUSPICIOUS_MOVE = YES;
				CLANG_WARN_UNGUARDED_AVAILABILITY = YES_AGGRESSIVE;
				CLANG_WARN_UNREACHABLE_CODE = YES;
				CLANG_WARN__DUPLICATE_METHOD_MATCH = YES;
				CODE_SIGN_IDENTITY = "iPhone Developer";
				COPY_PHASE_STRIP = NO;
				DEBUG_INFORMATION_FORMAT = dwarf;
				ENABLE_STRICT_OBJC_MSGSEND = YES;
				ENABLE_TESTABILITY = YES;
				GCC_C_LANGUAGE_STANDARD = gnu11;
				GCC_DYNAMIC_NO_PIC = NO;
				GCC_NO_COMMON_BLOCKS = YES;
				GCC_OPTIMIZATION_LEVEL = 0;
				GCC_PREPROCESSOR_DEFINITIONS = (
					"DEBUG=1",
					"$(inherited)",
				);
				GCC_WARN_64_TO_32_BIT_CONVERSION = YES;
				GCC_WARN_ABOUT_RETURN_TYPE = YES_ERROR;
				GCC_WARN_UNDECLARED_SELECTOR = YES;
				GCC_WARN_UNINITIALIZED_AUTOS = YES_AGGRESSIVE;
				GCC_WARN_UNUSED_FUNCTION = YES;
				GCC_WARN_UNUSED_VARIABLE = YES;
				IPHONEOS_DEPLOYMENT_TARGET = 11.2;
				MTL_ENABLE_DEBUG_INFO = YES;
				ONLY_ACTIVE_ARCH = YES;
				SDKROOT = iphoneos;
				SWIFT_ACTIVE_COMPILATION_CONDITIONS = DEBUG;
				SWIFT_OPTIMIZATION_LEVEL = "-Onone";
			};
			name = Debug;
		};
		8473637620527D7800C697C7 /* Release */ = {
			isa = XCBuildConfiguration;
			buildSettings = {
				ALWAYS_SEARCH_USER_PATHS = NO;
				CLANG_ANALYZER_NONNULL = YES;
				CLANG_ANALYZER_NUMBER_OBJECT_CONVERSION = YES_AGGRESSIVE;
				CLANG_CXX_LANGUAGE_STANDARD = "gnu++14";
				CLANG_CXX_LIBRARY = "libc++";
				CLANG_ENABLE_MODULES = YES;
				CLANG_ENABLE_OBJC_ARC = YES;
				CLANG_WARN_BLOCK_CAPTURE_AUTORELEASING = YES;
				CLANG_WARN_BOOL_CONVERSION = YES;
				CLANG_WARN_COMMA = YES;
				CLANG_WARN_CONSTANT_CONVERSION = YES;
				CLANG_WARN_DIRECT_OBJC_ISA_USAGE = YES_ERROR;
				CLANG_WARN_DOCUMENTATION_COMMENTS = YES;
				CLANG_WARN_EMPTY_BODY = YES;
				CLANG_WARN_ENUM_CONVERSION = YES;
				CLANG_WARN_INFINITE_RECURSION = YES;
				CLANG_WARN_INT_CONVERSION = YES;
				CLANG_WARN_NON_LITERAL_NULL_CONVERSION = YES;
				CLANG_WARN_OBJC_LITERAL_CONVERSION = YES;
				CLANG_WARN_OBJC_ROOT_CLASS = YES_ERROR;
				CLANG_WARN_RANGE_LOOP_ANALYSIS = YES;
				CLANG_WARN_STRICT_PROTOTYPES = YES;
				CLANG_WARN_SUSPICIOUS_MOVE = YES;
				CLANG_WARN_UNGUARDED_AVAILABILITY = YES_AGGRESSIVE;
				CLANG_WARN_UNREACHABLE_CODE = YES;
				CLANG_WARN__DUPLICATE_METHOD_MATCH = YES;
				CODE_SIGN_IDENTITY = "iPhone Developer";
				COPY_PHASE_STRIP = NO;
				DEBUG_INFORMATION_FORMAT = "dwarf-with-dsym";
				ENABLE_NS_ASSERTIONS = NO;
				ENABLE_STRICT_OBJC_MSGSEND = YES;
				GCC_C_LANGUAGE_STANDARD = gnu11;
				GCC_NO_COMMON_BLOCKS = YES;
				GCC_WARN_64_TO_32_BIT_CONVERSION = YES;
				GCC_WARN_ABOUT_RETURN_TYPE = YES_ERROR;
				GCC_WARN_UNDECLARED_SELECTOR = YES;
				GCC_WARN_UNINITIALIZED_AUTOS = YES_AGGRESSIVE;
				GCC_WARN_UNUSED_FUNCTION = YES;
				GCC_WARN_UNUSED_VARIABLE = YES;
				IPHONEOS_DEPLOYMENT_TARGET = 11.2;
				MTL_ENABLE_DEBUG_INFO = NO;
				SDKROOT = iphoneos;
				SWIFT_OPTIMIZATION_LEVEL = "-Owholemodule";
				VALIDATE_PRODUCT = YES;
			};
			name = Release;
		};
		8473637820527D7800C697C7 /* Debug */ = {
			isa = XCBuildConfiguration;
			baseConfigurationReference = 98DA3C71CC5316BA50FF136A /* Pods-alps-ios-app-color.debug.xcconfig */;
			buildSettings = {
				ASSETCATALOG_COMPILER_APPICON_NAME = AppIcon;
				"CODE_SIGN_IDENTITY[sdk=iphoneos*]" = "iPhone Developer";
				CODE_SIGN_STYLE = Automatic;
				DEVELOPMENT_TEAM = PAYVP3AFKX;
				INFOPLIST_FILE = "alps-ios-app-color/Info.plist";
				LD_RUNPATH_SEARCH_PATHS = "$(inherited) @executable_path/Frameworks";
				PRODUCT_BUNDLE_IDENTIFIER = com.matchmore.color;
				PRODUCT_NAME = "$(TARGET_NAME)";
				PROVISIONING_PROFILE_SPECIFIER = "";
				SWIFT_VERSION = 4.0;
				TARGETED_DEVICE_FAMILY = "1,2";
			};
			name = Debug;
		};
		8473637920527D7800C697C7 /* Release */ = {
			isa = XCBuildConfiguration;
			baseConfigurationReference = 932AE915B10DD067A9BEBF8E /* Pods-alps-ios-app-color.release.xcconfig */;
			buildSettings = {
				ASSETCATALOG_COMPILER_APPICON_NAME = AppIcon;
				"CODE_SIGN_IDENTITY[sdk=iphoneos*]" = "iPhone Developer";
				CODE_SIGN_STYLE = Automatic;
				DEVELOPMENT_TEAM = PAYVP3AFKX;
				INFOPLIST_FILE = "alps-ios-app-color/Info.plist";
				LD_RUNPATH_SEARCH_PATHS = "$(inherited) @executable_path/Frameworks";
				PRODUCT_BUNDLE_IDENTIFIER = com.matchmore.color;
				PRODUCT_NAME = "$(TARGET_NAME)";
				PROVISIONING_PROFILE_SPECIFIER = "";
				SWIFT_VERSION = 4.0;
				TARGETED_DEVICE_FAMILY = "1,2";
			};
			name = Release;
		};
		8473637B20527D7800C697C7 /* Debug */ = {
			isa = XCBuildConfiguration;
			baseConfigurationReference = 17C701ED94A6BADC1644E78D /* Pods-alps-ios-app-colorTests.debug.xcconfig */;
			buildSettings = {
				ALWAYS_EMBED_SWIFT_STANDARD_LIBRARIES = YES;
				BUNDLE_LOADER = "$(TEST_HOST)";
				CODE_SIGN_STYLE = Automatic;
				DEVELOPMENT_TEAM = PAYVP3AFKX;
				INFOPLIST_FILE = "ios-app-colorTests/Info.plist";
				LD_RUNPATH_SEARCH_PATHS = "$(inherited) @executable_path/Frameworks @loader_path/Frameworks";
				PRODUCT_BUNDLE_IDENTIFIER = "Matchmore.ios-app-colorTests";
				PRODUCT_NAME = "$(TARGET_NAME)";
				SWIFT_VERSION = 4.0;
				TARGETED_DEVICE_FAMILY = "1,2";
				TEST_HOST = "$(BUILT_PRODUCTS_DIR)/alps-ios-app-color.app/alps-ios-app-color";
			};
			name = Debug;
		};
		8473637C20527D7800C697C7 /* Release */ = {
			isa = XCBuildConfiguration;
			baseConfigurationReference = 963FF8EBB9FA5D5A59445C1D /* Pods-alps-ios-app-colorTests.release.xcconfig */;
			buildSettings = {
				ALWAYS_EMBED_SWIFT_STANDARD_LIBRARIES = YES;
				BUNDLE_LOADER = "$(TEST_HOST)";
				CODE_SIGN_STYLE = Automatic;
				DEVELOPMENT_TEAM = PAYVP3AFKX;
				INFOPLIST_FILE = "ios-app-colorTests/Info.plist";
				LD_RUNPATH_SEARCH_PATHS = "$(inherited) @executable_path/Frameworks @loader_path/Frameworks";
				PRODUCT_BUNDLE_IDENTIFIER = "Matchmore.ios-app-colorTests";
				PRODUCT_NAME = "$(TARGET_NAME)";
				SWIFT_VERSION = 4.0;
				TARGETED_DEVICE_FAMILY = "1,2";
				TEST_HOST = "$(BUILT_PRODUCTS_DIR)/alps-ios-app-color.app/alps-ios-app-color";
			};
			name = Release;
		};
		8473637E20527D7800C697C7 /* Debug */ = {
			isa = XCBuildConfiguration;
			baseConfigurationReference = DF051A13627E9B5789A68F8C /* Pods-alps-ios-app-colorUITests.debug.xcconfig */;
			buildSettings = {
				ALWAYS_EMBED_SWIFT_STANDARD_LIBRARIES = YES;
				CODE_SIGN_STYLE = Automatic;
				DEVELOPMENT_TEAM = PAYVP3AFKX;
				INFOPLIST_FILE = "ios-app-colorUITests/Info.plist";
				LD_RUNPATH_SEARCH_PATHS = "$(inherited) @executable_path/Frameworks @loader_path/Frameworks";
				PRODUCT_BUNDLE_IDENTIFIER = "Matchmore.ios-app-colorUITests";
				PRODUCT_NAME = "$(TARGET_NAME)";
				SWIFT_VERSION = 4.0;
				TARGETED_DEVICE_FAMILY = "1,2";
				TEST_TARGET_NAME = "ios-app-color";
			};
			name = Debug;
		};
		8473637F20527D7800C697C7 /* Release */ = {
			isa = XCBuildConfiguration;
			baseConfigurationReference = 8AC30F3812B0E7F813CED5AC /* Pods-alps-ios-app-colorUITests.release.xcconfig */;
			buildSettings = {
				ALWAYS_EMBED_SWIFT_STANDARD_LIBRARIES = YES;
				CODE_SIGN_STYLE = Automatic;
				DEVELOPMENT_TEAM = PAYVP3AFKX;
				INFOPLIST_FILE = "ios-app-colorUITests/Info.plist";
				LD_RUNPATH_SEARCH_PATHS = "$(inherited) @executable_path/Frameworks @loader_path/Frameworks";
				PRODUCT_BUNDLE_IDENTIFIER = "Matchmore.ios-app-colorUITests";
				PRODUCT_NAME = "$(TARGET_NAME)";
				SWIFT_VERSION = 4.0;
				TARGETED_DEVICE_FAMILY = "1,2";
				TEST_TARGET_NAME = "ios-app-color";
			};
			name = Release;
		};
/* End XCBuildConfiguration section */

/* Begin XCConfigurationList section */
		8473634A20527D7800C697C7 /* Build configuration list for PBXProject "alps-ios-app-color" */ = {
			isa = XCConfigurationList;
			buildConfigurations = (
				8473637520527D7800C697C7 /* Debug */,
				8473637620527D7800C697C7 /* Release */,
			);
			defaultConfigurationIsVisible = 0;
			defaultConfigurationName = Release;
		};
		8473637720527D7800C697C7 /* Build configuration list for PBXNativeTarget "alps-ios-app-color" */ = {
			isa = XCConfigurationList;
			buildConfigurations = (
				8473637820527D7800C697C7 /* Debug */,
				8473637920527D7800C697C7 /* Release */,
			);
			defaultConfigurationIsVisible = 0;
			defaultConfigurationName = Release;
		};
		8473637A20527D7800C697C7 /* Build configuration list for PBXNativeTarget "alps-ios-app-colorTests" */ = {
			isa = XCConfigurationList;
			buildConfigurations = (
				8473637B20527D7800C697C7 /* Debug */,
				8473637C20527D7800C697C7 /* Release */,
			);
			defaultConfigurationIsVisible = 0;
			defaultConfigurationName = Release;
		};
		8473637D20527D7800C697C7 /* Build configuration list for PBXNativeTarget "alps-ios-app-colorUITests" */ = {
			isa = XCConfigurationList;
			buildConfigurations = (
				8473637E20527D7800C697C7 /* Debug */,
				8473637F20527D7800C697C7 /* Release */,
			);
			defaultConfigurationIsVisible = 0;
			defaultConfigurationName = Release;
		};
/* End XCConfigurationList section */
	};
	rootObject = 8473634720527D7800C697C7 /* Project object */;
}
